
Microsoft Visual Studio Solution File, Format Version 12.00
# Visual Studio Version 17
VisualStudioVersion = 17.4.33103.184
MinimumVisualStudioVersion = 10.0.40219.1
Project("{FAE04EC0-301F-11D3-BF4B-00C04F79EFBC}") = "EF-MVC-Demo", "EF-MVC-Demo\EF-MVC-Demo.csproj", "{B0A67745-401A-4A39-8F9D-CC2C2D2831D9}"
EndProject
Global
	GlobalSection(SolutionConfigurationPlatforms) = preSolution
		Debug|Any CPU = Debug|Any CPU
		Release|Any CPU = Release|Any CPU
	EndGlobalSection
	GlobalSection(ProjectConfigurationPlatforms) = postSolution
		{B0A67745-401A-4A39-8F9D-CC2C2D2831D9}.Debug|Any CPU.ActiveCfg = Debug|Any CPU
		{B0A67745-401A-4A39-8F9D-CC2C2D2831D9}.Debug|Any CPU.Build.0 = Debug|Any CPU
		{B0A67745-401A-4A39-8F9D-CC2C2D2831D9}.Release|Any CPU.ActiveCfg = Release|Any CPU
		{B0A67745-401A-4A39-8F9D-CC2C2D2831D9}.Release|Any CPU.Build.0 = Release|Any CPU
	EndGlobalSection
	GlobalSection(SolutionProperties) = preSolution
		HideSolutionNode = FALSE
	EndGlobalSection
	GlobalSection(ExtensibilityGlobals) = postSolution
		SolutionGuid = {0D0DCDBB-630E-4FBE-A116-293F021B9325}
	EndGlobalSection
EndGlobal
